
Microsoft Visual Studio Solution File, Format Version 12.00
# Visual Studio 15
VisualStudioVersion = 15.0.27428.2015
MinimumVisualStudioVersion = 10.0.40219.1
Project("{2150E333-8FDC-42A3-9474-1A3956D46DE8}") = "Apps", "Apps", "{03E2637D-AFFE-4197-AF03-1299E739FB36}"
EndProject
Project("{2150E333-8FDC-42A3-9474-1A3956D46DE8}") = "UWP", "UWP", "{C932F720-1D43-4370-B97F-6E9C6F4C7079}"
EndProject
Project("{2150E333-8FDC-42A3-9474-1A3956D46DE8}") = "WPF", "WPF", "{0944B0F2-E066-4A8D-B392-5182C99C6650}"
EndProject
Project("{2150E333-8FDC-42A3-9474-1A3956D46DE8}") = "Services", "Services", "{6947BD46-1950-4885-B798-540905470370}"
EndProject
Project("{D954291E-2A0B-460D-934E-DC6B0785DB48}") = "BusinessStructure.SUC", "Apps\BusinessStructure.SUC\BusinessStructure.SUC.shproj", "{64E0818F-AC49-42B1-8BD0-279840E01544}"
EndProject
Project("{D954291E-2A0B-460D-934E-DC6B0785DB48}") = "BusinessStructure.Vms", "Apps\BusinessStructure.Vms\BusinessStructure.Vms.shproj", "{E09536BF-40A8-4885-B363-9176E1175E39}"
EndProject
Project("{FAE04EC0-301F-11D3-BF4B-00C04F79EFBC}") = "BusinessStructure.WPF", "Apps\WPF\BusinessStructure.WPF\BusinessStructure.WPF.csproj", "{BEBE27E0-E2CC-44E4-8996-A37FAC95F163}"
	ProjectSection(ProjectDependencies) = postProject
		{B88A7108-1A54-473E-8219-B2F3E5E4D49F} = {B88A7108-1A54-473E-8219-B2F3E5E4D49F}
	EndProjectSection
EndProject
Project("{FAE04EC0-301F-11D3-BF4B-00C04F79EFBC}") = "BusinessStructure.UWP", "Apps\UWP\BusinessStructure.UWP\BusinessStructure.UWP.csproj", "{E95AB565-A7A6-4E14-B54B-F034D02F2D5C}"
EndProject
Project("{FAE04EC0-301F-11D3-BF4B-00C04F79EFBC}") = "BS.AuthenticationService", "BS.AuthenticationService\BS.AuthenticationService.csproj", "{B88A7108-1A54-473E-8219-B2F3E5E4D49F}"
EndProject
Global
	GlobalSection(SharedMSBuildProjectFiles) = preSolution
		Apps\BusinessStructure.SUC\BusinessStructure.SUC.projitems*{64e0818f-ac49-42b1-8bd0-279840e01544}*SharedItemsImports = 13
		Apps\BusinessStructure.Vms\BusinessStructure.Vms.projitems*{e09536bf-40a8-4885-b363-9176e1175e39}*SharedItemsImports = 13
	EndGlobalSection
	GlobalSection(SolutionConfigurationPlatforms) = preSolution
		Debug|Any CPU = Debug|Any CPU
		Debug|ARM = Debug|ARM
		Debug|x64 = Debug|x64
		Debug|x86 = Debug|x86
		Release|Any CPU = Release|Any CPU
		Release|ARM = Release|ARM
		Release|x64 = Release|x64
		Release|x86 = Release|x86
	EndGlobalSection
	GlobalSection(ProjectConfigurationPlatforms) = postSolution
		{BEBE27E0-E2CC-44E4-8996-A37FAC95F163}.Debug|Any CPU.ActiveCfg = Debug|Any CPU
		{BEBE27E0-E2CC-44E4-8996-A37FAC95F163}.Debug|Any CPU.Build.0 = Debug|Any CPU
		{BEBE27E0-E2CC-44E4-8996-A37FAC95F163}.Debug|ARM.ActiveCfg = Debug|Any CPU
		{BEBE27E0-E2CC-44E4-8996-A37FAC95F163}.Debug|ARM.Build.0 = Debug|Any CPU
		{BEBE27E0-E2CC-44E4-8996-A37FAC95F163}.Debug|x64.ActiveCfg = Debug|Any CPU
		{BEBE27E0-E2CC-44E4-8996-A37FAC95F163}.Debug|x64.Build.0 = Debug|Any CPU
		{BEBE27E0-E2CC-44E4-8996-A37FAC95F163}.Debug|x86.ActiveCfg = Debug|Any CPU
		{BEBE27E0-E2CC-44E4-8996-A37FAC95F163}.Debug|x86.Build.0 = Debug|Any CPU
		{BEBE27E0-E2CC-44E4-8996-A37FAC95F163}.Release|Any CPU.ActiveCfg = Release|Any CPU
		{BEBE27E0-E2CC-44E4-8996-A37FAC95F163}.Release|Any CPU.Build.0 = Release|Any CPU
		{BEBE27E0-E2CC-44E4-8996-A37FAC95F163}.Release|ARM.ActiveCfg = Release|Any CPU
		{BEBE27E0-E2CC-44E4-8996-A37FAC95F163}.Release|ARM.Build.0 = Release|Any CPU
		{BEBE27E0-E2CC-44E4-8996-A37FAC95F163}.Release|x64.ActiveCfg = Release|Any CPU
		{BEBE27E0-E2CC-44E4-8996-A37FAC95F163}.Release|x64.Build.0 = Release|Any CPU
		{BEBE27E0-E2CC-44E4-8996-A37FAC95F163}.Release|x86.ActiveCfg = Release|Any CPU
		{BEBE27E0-E2CC-44E4-8996-A37FAC95F163}.Release|x86.Build.0 = Release|Any CPU
		{E95AB565-A7A6-4E14-B54B-F034D02F2D5C}.Debug|Any CPU.ActiveCfg = Debug|x86
		{E95AB565-A7A6-4E14-B54B-F034D02F2D5C}.Debug|ARM.ActiveCfg = Debug|ARM
		{E95AB565-A7A6-4E14-B54B-F034D02F2D5C}.Debug|ARM.Build.0 = Debug|ARM
		{E95AB565-A7A6-4E14-B54B-F034D02F2D5C}.Debug|ARM.Deploy.0 = Debug|ARM
		{E95AB565-A7A6-4E14-B54B-F034D02F2D5C}.Debug|x64.ActiveCfg = Debug|x64
		{E95AB565-A7A6-4E14-B54B-F034D02F2D5C}.Debug|x64.Build.0 = Debug|x64
		{E95AB565-A7A6-4E14-B54B-F034D02F2D5C}.Debug|x64.Deploy.0 = Debug|x64
		{E95AB565-A7A6-4E14-B54B-F034D02F2D5C}.Debug|x86.ActiveCfg = Debug|x86
		{E95AB565-A7A6-4E14-B54B-F034D02F2D5C}.Debug|x86.Build.0 = Debug|x86
		{E95AB565-A7A6-4E14-B54B-F034D02F2D5C}.Debug|x86.Deploy.0 = Debug|x86
		{E95AB565-A7A6-4E14-B54B-F034D02F2D5C}.Release|Any CPU.ActiveCfg = Release|x86
		{E95AB565-A7A6-4E14-B54B-F034D02F2D5C}.Release|ARM.ActiveCfg = Release|ARM
		{E95AB565-A7A6-4E14-B54B-F034D02F2D5C}.Release|ARM.Build.0 = Release|ARM
		{E95AB565-A7A6-4E14-B54B-F034D02F2D5C}.Release|ARM.Deploy.0 = Release|ARM
		{E95AB565-A7A6-4E14-B54B-F034D02F2D5C}.Release|x64.ActiveCfg = Release|x64
		{E95AB565-A7A6-4E14-B54B-F034D02F2D5C}.Release|x64.Build.0 = Release|x64
		{E95AB565-A7A6-4E14-B54B-F034D02F2D5C}.Release|x64.Deploy.0 = Release|x64
		{E95AB565-A7A6-4E14-B54B-F034D02F2D5C}.Release|x86.ActiveCfg = Release|x86
		{E95AB565-A7A6-4E14-B54B-F034D02F2D5C}.Release|x86.Build.0 = Release|x86
		{E95AB565-A7A6-4E14-B54B-F034D02F2D5C}.Release|x86.Deploy.0 = Release|x86
		{B88A7108-1A54-473E-8219-B2F3E5E4D49F}.Debug|Any CPU.ActiveCfg = Debug|Any CPU
		{B88A7108-1A54-473E-8219-B2F3E5E4D49F}.Debug|Any CPU.Build.0 = Debug|Any CPU
		{B88A7108-1A54-473E-8219-B2F3E5E4D49F}.Debug|ARM.ActiveCfg = Debug|Any CPU
		{B88A7108-1A54-473E-8219-B2F3E5E4D49F}.Debug|ARM.Build.0 = Debug|Any CPU
		{B88A7108-1A54-473E-8219-B2F3E5E4D49F}.Debug|x64.ActiveCfg = Debug|Any CPU
		{B88A7108-1A54-473E-8219-B2F3E5E4D49F}.Debug|x64.Build.0 = Debug|Any CPU
		{B88A7108-1A54-473E-8219-B2F3E5E4D49F}.Debug|x86.ActiveCfg = Debug|Any CPU
		{B88A7108-1A54-473E-8219-B2F3E5E4D49F}.Debug|x86.Build.0 = Debug|Any CPU
		{B88A7108-1A54-473E-8219-B2F3E5E4D49F}.Release|Any CPU.ActiveCfg = Release|Any CPU
		{B88A7108-1A54-473E-8219-B2F3E5E4D49F}.Release|Any CPU.Build.0 = Release|Any CPU
		{B88A7108-1A54-473E-8219-B2F3E5E4D49F}.Release|ARM.ActiveCfg = Release|Any CPU
		{B88A7108-1A54-473E-8219-B2F3E5E4D49F}.Release|ARM.Build.0 = Release|Any CPU
		{B88A7108-1A54-473E-8219-B2F3E5E4D49F}.Release|x64.ActiveCfg = Release|Any CPU
		{B88A7108-1A54-473E-8219-B2F3E5E4D49F}.Release|x64.Build.0 = Release|Any CPU
		{B88A7108-1A54-473E-8219-B2F3E5E4D49F}.Release|x86.ActiveCfg = Release|Any CPU
		{B88A7108-1A54-473E-8219-B2F3E5E4D49F}.Release|x86.Build.0 = Release|Any CPU
	EndGlobalSection
	GlobalSection(SolutionProperties) = preSolution
		HideSolutionNode = FALSE
	EndGlobalSection
	GlobalSection(NestedProjects) = preSolution
		{C932F720-1D43-4370-B97F-6E9C6F4C7079} = {03E2637D-AFFE-4197-AF03-1299E739FB36}
		{0944B0F2-E066-4A8D-B392-5182C99C6650} = {03E2637D-AFFE-4197-AF03-1299E739FB36}
		{64E0818F-AC49-42B1-8BD0-279840E01544} = {03E2637D-AFFE-4197-AF03-1299E739FB36}
		{E09536BF-40A8-4885-B363-9176E1175E39} = {03E2637D-AFFE-4197-AF03-1299E739FB36}
		{BEBE27E0-E2CC-44E4-8996-A37FAC95F163} = {0944B0F2-E066-4A8D-B392-5182C99C6650}
		{E95AB565-A7A6-4E14-B54B-F034D02F2D5C} = {C932F720-1D43-4370-B97F-6E9C6F4C7079}
		{B88A7108-1A54-473E-8219-B2F3E5E4D49F} = {6947BD46-1950-4885-B798-540905470370}
	EndGlobalSection
	GlobalSection(ExtensibilityGlobals) = postSolution
		SolutionGuid = {F156028C-49F0-488A-B86F-503F32EF9F1C}
	EndGlobalSection
EndGlobal
